
Microsoft Visual Studio Solution File, Format Version 12.00
# Visual Studio 15
VisualStudioVersion = 15.0.27130.2024
MinimumVisualStudioVersion = 10.0.40219.1
Project("{9A19103F-16F7-4668-BE54-9A1E7A4F7556}") = "Desafio.s2.Infra.CrossCutting.Identity", "Desafio.s2.Infra.CrossCutting.Identity\Desafio.s2.Infra.CrossCutting.Identity.csproj", "{D30E5A51-E9FC-41AF-BE05-35C730B8FB2B}"
EndProject
Project("{2150E333-8FDC-42A3-9474-1A3956D46DE8}") = "3 -Infra", "3 -Infra", "{D31A8B02-CC45-41EF-880A-A9087E352B72}"
EndProject
Project("{2150E333-8FDC-42A3-9474-1A3956D46DE8}") = "2 -Domain", "2 -Domain", "{53E97551-6B21-491B-99B5-CA7FC0C185BD}"
EndProject
Project("{9A19103F-16F7-4668-BE54-9A1E7A4F7556}") = "Desafio.s2.Domain", "Desafio.s2.Domain\Desafio.s2.Domain.csproj", "{8D63A681-D7B2-4FE8-97B2-B7FF65BD92BF}"
EndProject
Project("{2150E333-8FDC-42A3-9474-1A3956D46DE8}") = "3.1 - CrossCutting", "3.1 - CrossCutting", "{93E3F001-062E-4D9F-8E32-6F4DBDE5271F}"
EndProject
Project("{2150E333-8FDC-42A3-9474-1A3956D46DE8}") = "0 -Presentation", "0 -Presentation", "{C33583E7-73AF-42E5-9B77-A2EED2ED45C6}"
EndProject
Project("{9A19103F-16F7-4668-BE54-9A1E7A4F7556}") = "Desafio.s2.Site", "Desafio.s2.Site\Desafio.s2.Site.csproj", "{165F6F95-D5F6-4889-B352-0F598647EE47}"
EndProject
Project("{9A19103F-16F7-4668-BE54-9A1E7A4F7556}") = "Desafio.s2.Domain.Core", "Desafio.s2.Domain.Core\Desafio.s2.Domain.Core.csproj", "{914C59A7-369C-4236-99CE-DEA48ED8219E}"
EndProject
Project("{9A19103F-16F7-4668-BE54-9A1E7A4F7556}") = "Desafio.s2.CrossCutting.IoC", "Desafio.s2.CrossCutting.IoC\Desafio.s2.CrossCutting.IoC.csproj", "{95099A2C-0566-4E09-A86E-DB78ADD633B7}"
EndProject
Project("{9A19103F-16F7-4668-BE54-9A1E7A4F7556}") = "Desafio.s2.Data", "Desafio.s2.Data\Desafio.s2.Data.csproj", "{26C95336-3794-4210-A132-A257FE1A35AB}"
EndProject
Project("{2150E333-8FDC-42A3-9474-1A3956D46DE8}") = "3.2 - Data", "3.2 - Data", "{45CBC332-AEE6-4EA4-99ED-43E9F41358DF}"
EndProject
Project("{2150E333-8FDC-42A3-9474-1A3956D46DE8}") = "1 -Business", "1 -Business", "{8A573BD4-7B0E-4463-9EC1-D736515A5BBD}"
EndProject
Project("{9A19103F-16F7-4668-BE54-9A1E7A4F7556}") = "Desafio.s2.App.Service", "Desafio.s2.App.Service\Desafio.s2.App.Service.csproj", "{617D57D1-5EBB-4ABE-B9DD-717FA9A63F05}"
EndProject
Project("{2150E333-8FDC-42A3-9474-1A3956D46DE8}") = "0 -Api", "0 -Api", "{8D1CF941-BEEB-48AD-BAA6-B32217E0F167}"
EndProject
Project("{FAE04EC0-301F-11D3-BF4B-00C04F79EFBC}") = "Desafios2.Api", "Desafios2.Api\Desafios2.Api.csproj", "{00E7FE5F-04D4-4A56-BF76-42A3B508B014}"
EndProject
Global
	GlobalSection(SolutionConfigurationPlatforms) = preSolution
		Debug|Any CPU = Debug|Any CPU
		Release|Any CPU = Release|Any CPU
	EndGlobalSection
	GlobalSection(ProjectConfigurationPlatforms) = postSolution
		{D30E5A51-E9FC-41AF-BE05-35C730B8FB2B}.Debug|Any CPU.ActiveCfg = Debug|Any CPU
		{D30E5A51-E9FC-41AF-BE05-35C730B8FB2B}.Debug|Any CPU.Build.0 = Debug|Any CPU
		{D30E5A51-E9FC-41AF-BE05-35C730B8FB2B}.Release|Any CPU.ActiveCfg = Release|Any CPU
		{D30E5A51-E9FC-41AF-BE05-35C730B8FB2B}.Release|Any CPU.Build.0 = Release|Any CPU
		{8D63A681-D7B2-4FE8-97B2-B7FF65BD92BF}.Debug|Any CPU.ActiveCfg = Debug|Any CPU
		{8D63A681-D7B2-4FE8-97B2-B7FF65BD92BF}.Debug|Any CPU.Build.0 = Debug|Any CPU
		{8D63A681-D7B2-4FE8-97B2-B7FF65BD92BF}.Release|Any CPU.ActiveCfg = Release|Any CPU
		{8D63A681-D7B2-4FE8-97B2-B7FF65BD92BF}.Release|Any CPU.Build.0 = Release|Any CPU
		{165F6F95-D5F6-4889-B352-0F598647EE47}.Debug|Any CPU.ActiveCfg = Debug|Any CPU
		{165F6F95-D5F6-4889-B352-0F598647EE47}.Debug|Any CPU.Build.0 = Debug|Any CPU
		{165F6F95-D5F6-4889-B352-0F598647EE47}.Release|Any CPU.ActiveCfg = Release|Any CPU
		{165F6F95-D5F6-4889-B352-0F598647EE47}.Release|Any CPU.Build.0 = Release|Any CPU
		{914C59A7-369C-4236-99CE-DEA48ED8219E}.Debug|Any CPU.ActiveCfg = Debug|Any CPU
		{914C59A7-369C-4236-99CE-DEA48ED8219E}.Debug|Any CPU.Build.0 = Debug|Any CPU
		{914C59A7-369C-4236-99CE-DEA48ED8219E}.Release|Any CPU.ActiveCfg = Release|Any CPU
		{914C59A7-369C-4236-99CE-DEA48ED8219E}.Release|Any CPU.Build.0 = Release|Any CPU
		{95099A2C-0566-4E09-A86E-DB78ADD633B7}.Debug|Any CPU.ActiveCfg = Debug|Any CPU
		{95099A2C-0566-4E09-A86E-DB78ADD633B7}.Debug|Any CPU.Build.0 = Debug|Any CPU
		{95099A2C-0566-4E09-A86E-DB78ADD633B7}.Release|Any CPU.ActiveCfg = Release|Any CPU
		{95099A2C-0566-4E09-A86E-DB78ADD633B7}.Release|Any CPU.Build.0 = Release|Any CPU
		{26C95336-3794-4210-A132-A257FE1A35AB}.Debug|Any CPU.ActiveCfg = Debug|Any CPU
		{26C95336-3794-4210-A132-A257FE1A35AB}.Debug|Any CPU.Build.0 = Debug|Any CPU
		{26C95336-3794-4210-A132-A257FE1A35AB}.Release|Any CPU.ActiveCfg = Release|Any CPU
		{26C95336-3794-4210-A132-A257FE1A35AB}.Release|Any CPU.Build.0 = Release|Any CPU
		{617D57D1-5EBB-4ABE-B9DD-717FA9A63F05}.Debug|Any CPU.ActiveCfg = Debug|Any CPU
		{617D57D1-5EBB-4ABE-B9DD-717FA9A63F05}.Debug|Any CPU.Build.0 = Debug|Any CPU
		{617D57D1-5EBB-4ABE-B9DD-717FA9A63F05}.Release|Any CPU.ActiveCfg = Release|Any CPU
		{617D57D1-5EBB-4ABE-B9DD-717FA9A63F05}.Release|Any CPU.Build.0 = Release|Any CPU
		{00E7FE5F-04D4-4A56-BF76-42A3B508B014}.Debug|Any CPU.ActiveCfg = Debug|Any CPU
		{00E7FE5F-04D4-4A56-BF76-42A3B508B014}.Debug|Any CPU.Build.0 = Debug|Any CPU
		{00E7FE5F-04D4-4A56-BF76-42A3B508B014}.Release|Any CPU.ActiveCfg = Release|Any CPU
		{00E7FE5F-04D4-4A56-BF76-42A3B508B014}.Release|Any CPU.Build.0 = Release|Any CPU
	EndGlobalSection
	GlobalSection(SolutionProperties) = preSolution
		HideSolutionNode = FALSE
	EndGlobalSection
	GlobalSection(NestedProjects) = preSolution
		{D30E5A51-E9FC-41AF-BE05-35C730B8FB2B} = {93E3F001-062E-4D9F-8E32-6F4DBDE5271F}
		{8D63A681-D7B2-4FE8-97B2-B7FF65BD92BF} = {53E97551-6B21-491B-99B5-CA7FC0C185BD}
		{93E3F001-062E-4D9F-8E32-6F4DBDE5271F} = {D31A8B02-CC45-41EF-880A-A9087E352B72}
		{165F6F95-D5F6-4889-B352-0F598647EE47} = {C33583E7-73AF-42E5-9B77-A2EED2ED45C6}
		{914C59A7-369C-4236-99CE-DEA48ED8219E} = {53E97551-6B21-491B-99B5-CA7FC0C185BD}
		{95099A2C-0566-4E09-A86E-DB78ADD633B7} = {93E3F001-062E-4D9F-8E32-6F4DBDE5271F}
		{26C95336-3794-4210-A132-A257FE1A35AB} = {45CBC332-AEE6-4EA4-99ED-43E9F41358DF}
		{45CBC332-AEE6-4EA4-99ED-43E9F41358DF} = {D31A8B02-CC45-41EF-880A-A9087E352B72}
		{617D57D1-5EBB-4ABE-B9DD-717FA9A63F05} = {8A573BD4-7B0E-4463-9EC1-D736515A5BBD}
		{00E7FE5F-04D4-4A56-BF76-42A3B508B014} = {8D1CF941-BEEB-48AD-BAA6-B32217E0F167}
	EndGlobalSection
	GlobalSection(ExtensibilityGlobals) = postSolution
		SolutionGuid = {73F4C5B3-3D0C-479B-BA6E-FC574568D90C}
	EndGlobalSection
EndGlobal
